# This file is auto-generated by exon. Do not edit.

[[package]]
name = "github.com/misut/cppx"
package = "cppx"
version = "1.11.0"
commit = "f1174105debd6643683528ab14c0986300822eb4"

[[package]]
name = "github.com/misut/tomlcpp"
package = "tomlcpp"
version = "0.3.0"
commit = "53ddc4c4b3213f5aabc0b08829d8666e6aa86fb3"

