# This file is auto-generated by exon. Do not edit.

[[package]]
name = "github.com/misut/cppx"
package = "cppx"
version = "1.12.0"
commit = "69060d55d0ca14f87cdd42efbcba10cd4abcfd54"

[[package]]
name = "github.com/misut/tomlcpp"
package = "tomlcpp"
version = "0.3.0"
commit = "53ddc4c4b3213f5aabc0b08829d8666e6aa86fb3"

